PODS:
  - FileBrowser (0.1.0):
    - Masonry
  - Masonry (1.1.0)

DEPENDENCIES:
  - FileBrowser (from `../`)

SPEC REPOS:
  trunk:
    - Masonry

EXTERNAL SOURCES:
  FileBrowser:
    :path: "../"

SPEC CHECKSUMS:
  FileBrowser: fd590f56b40879028c8e873a9f1fcd76372e7aac
  Masonry: 678fab65091a9290e40e2832a55e7ab731aad201

PODFILE CHECKSUM: a1bd7b19351d569986eb5b81969b0a1a2778f6a5

COCOAPODS: 1.9.3
