PODS:
  - FileBrowser (0.1.0):
    - Masonry
  - Masonry (1.1.0)

DEPENDENCIES:
  - FileBrowser (from `../`)

SPEC REPOS:
  trunk:
    - Masonry

EXTERNAL SOURCES:
  FileBrowser:
    :path: "../"

SPEC CHECKSUMS:
  FileBrowser: 2915300f5fafc81d3adf2dd7a5d50072b9b99d92
  Masonry: 678fab65091a9290e40e2832a55e7ab731aad201

PODFILE CHECKSUM: f637dc49e9d61e26944a16e272e340734b02fdab

COCOAPODS: 1.9.3
